<Solution>
  <Project Path="CourseManagement.API/CourseManagement.API.csproj" />
  <Project Path="CourseManagement.Application/CourseManagement.Application.csproj" />
  <Project Path="CourseManagement.Domain/CourseManagement.Domain.csproj" />
  <Project Path="CourseManagement.Infrastructure/CourseManagement.Infrastructure.csproj" />
  <Project Path="CourseManagement.Tests/CourseManagement.Tests.csproj" />
</Solution>
